#MicroXplorer Configuration settings - do not modify
Mcu.Family=STM32F4
ProjectManager.MainLocation=Core/Src
PH0-OSC_IN.Signal=RCC_OSC_IN
RCC.CortexFreq_Value=168000000
Dma.DAC2.2.PeriphInc=DMA_PINC_DISABLE
ProjectManager.KeepUserCode=true
Mcu.UserName=STM32F405RGTx
Dma.DAC1.1.RequestParameters=Instance,Direction,PeriphInc,MemInc,PeriphDataAlignment,MemDataAlignment,Mode,Priority,FIFOMode
DAC.DAC_OutputBuffer2=DAC_OUTPUTBUFFER_DISABLE
RCC.PLLCLKFreq_Value=168000000
RCC.PLLQCLKFreq_Value=84000000
Dma.DAC1.1.PeriphInc=DMA_PINC_DISABLE
ProjectManager.functionlistsort=1-MX_GPIO_Init-GPIO-false-HAL-true,2-MX_DMA_Init-DMA-false-HAL-true,3-SystemClock_Config-RCC-false-HAL-false,4-MX_ADC1_Init-ADC1-false-HAL-true,5-MX_DAC_Init-DAC-false-HAL-true,6-MX_TIM8_Init-TIM8-false-HAL-true,7-MX_I2C1_Init-I2C1-false-HAL-true
PC0.GPIOParameters=GPIO_Label
PC0.GPIO_Label=DBG0
Dma.DAC2.2.Priority=DMA_PRIORITY_LOW
RCC.RTCFreq_Value=32000
VP_TIM8_VS_ClockSourceINT.Signal=TIM8_VS_ClockSourceINT
Dma.DAC2.2.FIFOMode=DMA_FIFOMODE_DISABLE
PinOutPanel.RotationAngle=0
RCC.SYSCLKSource=RCC_SYSCLKSOURCE_PLLCLK
ProjectManager.StackSize=0x400
SH.COMP_DAC2_group.0=DAC_OUT2,DAC_OUT2
Mcu.IP4=NVIC
Dma.DAC2.2.Instance=DMA1_Stream6
Mcu.IP5=RCC
RCC.FCLKCortexFreq_Value=168000000
Mcu.IP2=DMA
NVIC.SVCall_IRQn=true\:0\:0\:false\:false\:true\:false\:false
Mcu.IP3=I2C1
Mcu.IP0=ADC1
Mcu.IP1=DAC
Mcu.UserConstants=AUD_PRE,349;AUD_CNT,9
Mcu.ThirdPartyNb=1
ADC1.Channel-3\#ChannelRegularConversion=ADC_CHANNEL_7
RCC.HCLKFreq_Value=168000000
Mcu.IPNb=8
RCC.I2SClocksFreq_Value=192000000
ProjectManager.PreviousToolchain=
RCC.APB2TimFreq_Value=168000000
PB6.Signal=I2C1_SCL
Dma.ADC1.0.Direction=DMA_PERIPH_TO_MEMORY
RCC.VcooutputI2S=192000000
ADC1.Channel-2\#ChannelRegularConversion=ADC_CHANNEL_6
PB6.Mode=I2C
SH.ADCx_IN7.ConfNb=1
Mcu.Pin6=PA4
Mcu.Pin7=PA5
NVIC.DMA2_Stream0_IRQn=true\:0\:0\:false\:false\:true\:false\:true
Mcu.Pin8=PA6
Mcu.Pin9=PA7
Dma.ADC1.0.MemDataAlignment=DMA_MDATAALIGN_HALFWORD
RCC.AHBFreq_Value=168000000
PH0-OSC_IN.Mode=HSE-External-Oscillator
Mcu.Pin0=PC13-ANTI_TAMP
Mcu.Pin1=PH0-OSC_IN
TIM8.IPParameters=Prescaler,Period,AutoReloadPreload,TIM_MasterOutputTrigger
GPIO.groupedBy=Group By Peripherals
Mcu.Pin2=PH1-OSC_OUT
Mcu.Pin3=PC0
Mcu.Pin4=PA0-WKUP
Mcu.Pin5=PA1
ADC1.Channel-0\#ChannelRegularConversion=ADC_CHANNEL_0
ProjectManager.ProjectBuild=false
RCC.HSE_VALUE=8000000
NVIC.UsageFault_IRQn=true\:0\:0\:false\:false\:true\:false\:false
NVIC.DebugMonitor_IRQn=true\:0\:0\:false\:false\:true\:false\:false
ADC1.ScanConvMode=ENABLE
PC13-ANTI_TAMP.Signal=GPIO_Output
NVIC.SysTick_IRQn=true\:0\:0\:false\:false\:true\:false\:true
DAC.DAC_Trigger2=DAC_TRIGGER_T8_TRGO
ProjectManager.FirmwarePackage=STM32Cube FW_F4 V1.26.1
MxDb.Version=DB.6.0.21
Mcu.ThirdParty0=STMicroelectronics.X-CUBE-ALGOBUILD.1.1.0
ADC1.Rank-2\#ChannelRegularConversion=3
STMicroelectronics.X-CUBE-ALGOBUILD.1.1.0.LibraryCcDSPOoLibraryJjDSPOoLibrary=true
ProjectManager.BackupPrevious=false
DAC.DAC_Trigger=DAC_TRIGGER_T8_TRGO
RCC.VCOInputFreq_Value=2000000
PA14.Mode=Serial_Wire
SH.ADCx_IN1.ConfNb=1
Dma.ADC1.0.PeriphInc=DMA_PINC_DISABLE
File.Version=6
Dma.DAC1.1.PeriphDataAlignment=DMA_PDATAALIGN_HALFWORD
PB7.Signal=I2C1_SDA
DAC.DAC_OutputBuffer=DAC_OUTPUTBUFFER_DISABLE
SH.ADCx_IN0.0=ADC1_IN0,IN0
Dma.DAC1.1.Priority=DMA_PRIORITY_LOW
NVIC.PendSV_IRQn=true\:0\:0\:false\:false\:true\:false\:false
SH.ADCx_IN6.ConfNb=1
DAC.IPParameters=DAC_Trigger,DAC_Trigger2,DAC_OutputBuffer,DAC_OutputBuffer2
Dma.RequestsNb=3
Dma.DAC2.2.MemInc=DMA_MINC_ENABLE
ProjectManager.HalAssertFull=false
ADC1.SamplingTime-0\#ChannelRegularConversion=ADC_SAMPLETIME_3CYCLES
ProjectManager.ProjectName=dvco
Dma.DAC1.1.Direction=DMA_MEMORY_TO_PERIPH
PH1-OSC_OUT.Mode=HSE-External-Oscillator
RCC.MCO2PinFreq_Value=168000000
Mcu.Package=LQFP64
PA6.Signal=ADCx_IN6
SH.COMP_DAC1_group.ConfNb=1
ProjectManager.ToolChainLocation=
RCC.LSI_VALUE=32000
VP_SYS_VS_Systick.Signal=SYS_VS_Systick
TIM8.Prescaler=AUD_PRE
RCC.APB2CLKDivider=RCC_HCLK_DIV2
SH.ADCx_IN1.0=ADC1_IN1,IN1
Dma.Request2=DAC2
Dma.Request1=DAC1
RCC.APB1TimFreq_Value=84000000
NVIC.BusFault_IRQn=true\:0\:0\:false\:false\:true\:false\:false
Dma.ADC1.0.FIFOMode=DMA_FIFOMODE_DISABLE
NVIC.DMA1_Stream6_IRQn=true\:0\:0\:false\:false\:true\:false\:true
Dma.Request0=ADC1
Dma.DAC1.1.MemDataAlignment=DMA_MDATAALIGN_HALFWORD
ProjectManager.CustomerFirmwarePackage=
PC13-ANTI_TAMP.GPIOParameters=PinState,GPIO_Label
SH.COMP_DAC2_group.ConfNb=1
RCC.PLLSourceVirtual=RCC_PLLSOURCE_HSE
SH.COMP_DAC1_group.0=DAC_OUT1,DAC_OUT1
ProjectManager.ProjectFileName=dvco.ioc
Dma.DAC2.2.RequestParameters=Instance,Direction,PeriphInc,MemInc,PeriphDataAlignment,MemDataAlignment,Mode,Priority,FIFOMode
Dma.ADC1.0.Instance=DMA2_Stream0
VP_STMicroelectronics.X-CUBE-ALGOBUILD_VS_DSPOoLibraryJjLibrary_1.1.0.Signal=STMicroelectronics.X-CUBE-ALGOBUILD_VS_DSPOoLibraryJjLibrary_1.1.0
ADC1.Rank-0\#ChannelRegularConversion=1
Mcu.PinsNb=17
ProjectManager.NoMain=false
SH.ADCx_IN6.0=ADC1_IN6,IN6
PC13-ANTI_TAMP.GPIO_Label=BUILTIN_LED
ADC1.IPParameters=Rank-0\#ChannelRegularConversion,master,Channel-0\#ChannelRegularConversion,SamplingTime-0\#ChannelRegularConversion,NbrOfConversionFlag,ScanConvMode,DMAContinuousRequests,Rank-1\#ChannelRegularConversion,Channel-1\#ChannelRegularConversion,SamplingTime-1\#ChannelRegularConversion,Rank-2\#ChannelRegularConversion,Channel-2\#ChannelRegularConversion,SamplingTime-2\#ChannelRegularConversion,Rank-3\#ChannelRegularConversion,Channel-3\#ChannelRegularConversion,SamplingTime-3\#ChannelRegularConversion,NbrOfConversion,ExternalTrigConv
ProjectManager.DefaultFWLocation=true
ProjectManager.DeletePrevious=true
PC0.Signal=GPIO_Output
RCC.APB1CLKDivider=RCC_HCLK_DIV4
Dma.DAC2.2.MemDataAlignment=DMA_MDATAALIGN_HALFWORD
ADC1.SamplingTime-2\#ChannelRegularConversion=ADC_SAMPLETIME_3CYCLES
RCC.FamilyName=M
PC13-ANTI_TAMP.PinState=GPIO_PIN_SET
PA0-WKUP.Signal=ADCx_IN0
STMicroelectronics.X-CUBE-ALGOBUILD.1.1.0.DSPOoLibraryJjLibrary_Checked=true
Dma.DAC1.1.MemInc=DMA_MINC_ENABLE
PA13.Signal=SYS_JTMS-SWDIO
Dma.ADC1.0.PeriphDataAlignment=DMA_PDATAALIGN_HALFWORD
Dma.DAC1.1.Mode=DMA_CIRCULAR
ProjectManager.TargetToolchain=STM32CubeIDE
NVIC.DMA1_Stream5_IRQn=true\:0\:0\:false\:false\:true\:false\:true
SH.ADCx_IN7.0=ADC1_IN7,IN7
Dma.ADC1.0.Mode=DMA_CIRCULAR
Dma.ADC1.0.Priority=DMA_PRIORITY_LOW
ADC1.Channel-1\#ChannelRegularConversion=ADC_CHANNEL_1
Dma.DAC2.2.Mode=DMA_CIRCULAR
VP_TIM8_VS_ClockSourceINT.Mode=Internal
ProjectManager.RegisterCallBack=
RCC.LSE_VALUE=32768
PA1.Signal=ADCx_IN1
STMicroelectronics.X-CUBE-ALGOBUILD.1.1.0.IPParameters=LibraryCcDSPOoLibraryJjDSPOoLibrary
RCC.VCOI2SOutputFreq_Value=384000000
PA5.Signal=COMP_DAC2_group
TIM8.AutoReloadPreload=TIM_AUTORELOAD_PRELOAD_ENABLE
board=custom
RCC.VCOOutputFreq_Value=336000000
PC13-ANTI_TAMP.Locked=true
ProjectManager.LastFirmware=true
Dma.ADC1.0.RequestParameters=Instance,Direction,PeriphInc,MemInc,PeriphDataAlignment,MemDataAlignment,Mode,Priority,FIFOMode
RCC.APB2Freq_Value=84000000
MxCube.Version=6.2.1
SH.ADCx_IN0.ConfNb=1
Dma.DAC2.2.PeriphDataAlignment=DMA_PDATAALIGN_HALFWORD
VP_SYS_VS_Systick.Mode=SysTick
RCC.EthernetFreq_Value=168000000
PH1-OSC_OUT.Signal=RCC_OSC_OUT
NVIC.NonMaskableInt_IRQn=true\:0\:0\:false\:false\:true\:false\:false
ADC1.DMAContinuousRequests=ENABLE
ADC1.NbrOfConversion=4
PA13.Mode=Serial_Wire
Dma.DAC1.1.FIFOMode=DMA_FIFOMODE_DISABLE
ProjectManager.FreePins=false
RCC.IPParameters=48MHZClocksFreq_Value,AHBFreq_Value,APB1CLKDivider,APB1Freq_Value,APB1TimFreq_Value,APB2CLKDivider,APB2Freq_Value,APB2TimFreq_Value,CortexFreq_Value,EthernetFreq_Value,FCLKCortexFreq_Value,FamilyName,HCLKFreq_Value,HSE_VALUE,HSI_VALUE,I2SClocksFreq_Value,LSE_VALUE,LSI_VALUE,MCO2PinFreq_Value,PLLCLKFreq_Value,PLLM,PLLN,PLLQCLKFreq_Value,PLLSourceVirtual,RTCFreq_Value,RTCHSEDivFreq_Value,SYSCLKFreq_VALUE,SYSCLKSource,VCOI2SOutputFreq_Value,VCOInputFreq_Value,VCOOutputFreq_Value,VcooutputI2S
ProjectManager.AskForMigrate=true
VP_STMicroelectronics.X-CUBE-ALGOBUILD_VS_DSPOoLibraryJjLibrary_1.1.0.Mode=DSPOoLibraryJjLibrary
Mcu.Name=STM32F405RGTx
RCC.RTCHSEDivFreq_Value=4000000
ProjectManager.UnderRoot=true
ADC1.ExternalTrigConv=ADC_EXTERNALTRIGCONV_T8_TRGO
TIM8.Period=AUD_CNT
Mcu.IP6=SYS
Mcu.IP7=TIM8
ProjectManager.CoupleFile=false
RCC.48MHZClocksFreq_Value=84000000
PA4.Signal=COMP_DAC1_group
ADC1.SamplingTime-1\#ChannelRegularConversion=ADC_SAMPLETIME_3CYCLES
RCC.SYSCLKFreq_VALUE=168000000
ADC1.master=1
ADC1.Rank-3\#ChannelRegularConversion=4
ADC1.SamplingTime-3\#ChannelRegularConversion=ADC_SAMPLETIME_3CYCLES
NVIC.ForceEnableDMAVector=true
TIM8.TIM_MasterOutputTrigger=TIM_TRGO_UPDATE
KeepUserPlacement=false
Dma.DAC1.1.Instance=DMA1_Stream5
NVIC.MemoryManagement_IRQn=true\:0\:0\:false\:false\:true\:false\:false
ProjectManager.CompilerOptimize=6
ADC1.Rank-1\#ChannelRegularConversion=2
PB7.Mode=I2C
PA14.Signal=SYS_JTCK-SWCLK
Dma.ADC1.0.MemInc=DMA_MINC_ENABLE
ProjectManager.HeapSize=0x200
Mcu.Pin15=VP_TIM8_VS_ClockSourceINT
NVIC.HardFault_IRQn=true\:0\:0\:false\:false\:true\:false\:false
Mcu.Pin16=VP_STMicroelectronics.X-CUBE-ALGOBUILD_VS_DSPOoLibraryJjLibrary_1.1.0
Mcu.Pin13=PB7
Mcu.Pin14=VP_SYS_VS_Systick
ProjectManager.ComputerToolchain=false
RCC.HSI_VALUE=16000000
NVIC.PriorityGroup=NVIC_PRIORITYGROUP_4
ADC1.NbrOfConversionFlag=1
Mcu.Pin11=PA14
Mcu.Pin12=PB6
RCC.PLLM=4
RCC.PLLN=168
Mcu.Pin10=PA13
Dma.DAC2.2.Direction=DMA_MEMORY_TO_PERIPH
RCC.APB1Freq_Value=42000000
PC0.Locked=true
ProjectManager.DeviceId=STM32F405RGTx
ProjectManager.LibraryCopy=1
PA7.Signal=ADCx_IN7
STMicroelectronics.X-CUBE-ALGOBUILD.1.1.0_SwParameter=LibraryCcDSPOoLibraryJjDSPOoLibrary\:true;
isbadioc=false
